
Microsoft Visual Studio Solution File, Format Version 12.00
# Visual Studio Version 17
VisualStudioVersion = 17.6.33815.320
MinimumVisualStudioVersion = 10.0.40219.1
Project("{FAE04EC0-301F-11D3-BF4B-00C04F79EFBC}") = "Asp.net Web application Web Form and Mssql", "Asp.net Web application Web Form and Mssql\Asp.net Web application Web Form and Mssql.csproj", "{EAD7A929-D764-4E85-92D5-7CF58B9E452F}"
EndProject
Global
	GlobalSection(SolutionConfigurationPlatforms) = preSolution
		Debug|Any CPU = Debug|Any CPU
		Release|Any CPU = Release|Any CPU
	EndGlobalSection
	GlobalSection(ProjectConfigurationPlatforms) = postSolution
		{EAD7A929-D764-4E85-92D5-7CF58B9E452F}.Debug|Any CPU.ActiveCfg = Debug|Any CPU
		{EAD7A929-D764-4E85-92D5-7CF58B9E452F}.Debug|Any CPU.Build.0 = Debug|Any CPU
		{EAD7A929-D764-4E85-92D5-7CF58B9E452F}.Release|Any CPU.ActiveCfg = Release|Any CPU
		{EAD7A929-D764-4E85-92D5-7CF58B9E452F}.Release|Any CPU.Build.0 = Release|Any CPU
	EndGlobalSection
	GlobalSection(SolutionProperties) = preSolution
		HideSolutionNode = FALSE
	EndGlobalSection
	GlobalSection(ExtensibilityGlobals) = postSolution
		SolutionGuid = {C08C3441-08F0-4F48-9283-C0AB6FACABEB}
	EndGlobalSection
EndGlobal
